version = 1
requires-python = ">=3.12"
resolution-markers = [
    "python_full_version >= '3.13' and sys_platform != 'darwin'",
    "python_full_version >= '3.13' and sys_platform == 'darwin'",
    "python_full_version < '3.13' and sys_platform != 'darwin'",
    "python_full_version < '3.13' and sys_platform == 'darwin'",
]

[[package]]
name = "llmarch"
version = "0.0.1"
source = { editable = "." }
